
Microsoft Visual Studio Solution File, Format Version 12.00
# Visual Studio 2013
VisualStudioVersion = 12.0.30723.0
MinimumVisualStudioVersion = 10.0.40219.1
Project("{8BC9CEB8-8B4A-11D0-8D11-00A0C91BC942}") = "SMathLib", "Sources\SMathLib\SMathLib.vcxproj", "{7EC0E99B-740E-42C9-AE21-3FA5FA7B5CE4}"
EndProject
Project("{2150E333-8FDC-42A3-9474-1A3956D46DE8}") = "Examples", "Examples", "{26B22E39-E7CF-497E-AA9C-65B9F50F40FD}"
EndProject
Project("{8BC9CEB8-8B4A-11D0-8D11-00A0C91BC942}") = "Random", "Examples\Random\Random.vcxproj", "{FEEE83F4-DC11-4B7C-AFEC-1D774133C303}"
	ProjectSection(ProjectDependencies) = postProject
		{7EC0E99B-740E-42C9-AE21-3FA5FA7B5CE4} = {7EC0E99B-740E-42C9-AE21-3FA5FA7B5CE4}
	EndProjectSection
EndProject
Project("{8BC9CEB8-8B4A-11D0-8D11-00A0C91BC942}") = "CompileTest", "Examples\CompileTest\CompileTest.vcxproj", "{CDFDF940-BB7F-4236-948D-D008015467BB}"
	ProjectSection(ProjectDependencies) = postProject
		{7EC0E99B-740E-42C9-AE21-3FA5FA7B5CE4} = {7EC0E99B-740E-42C9-AE21-3FA5FA7B5CE4}
	EndProjectSection
EndProject
Global
	GlobalSection(SolutionConfigurationPlatforms) = preSolution
		Debug|Win32 = Debug|Win32
		Release|Win32 = Release|Win32
	EndGlobalSection
	GlobalSection(ProjectConfigurationPlatforms) = postSolution
		{7EC0E99B-740E-42C9-AE21-3FA5FA7B5CE4}.Debug|Win32.ActiveCfg = Debug|Win32
		{7EC0E99B-740E-42C9-AE21-3FA5FA7B5CE4}.Debug|Win32.Build.0 = Debug|Win32
		{7EC0E99B-740E-42C9-AE21-3FA5FA7B5CE4}.Release|Win32.ActiveCfg = Release|Win32
		{7EC0E99B-740E-42C9-AE21-3FA5FA7B5CE4}.Release|Win32.Build.0 = Release|Win32
		{FEEE83F4-DC11-4B7C-AFEC-1D774133C303}.Debug|Win32.ActiveCfg = Debug|Win32
		{FEEE83F4-DC11-4B7C-AFEC-1D774133C303}.Debug|Win32.Build.0 = Debug|Win32
		{FEEE83F4-DC11-4B7C-AFEC-1D774133C303}.Release|Win32.ActiveCfg = Release|Win32
		{FEEE83F4-DC11-4B7C-AFEC-1D774133C303}.Release|Win32.Build.0 = Release|Win32
		{CDFDF940-BB7F-4236-948D-D008015467BB}.Debug|Win32.ActiveCfg = Debug|Win32
		{CDFDF940-BB7F-4236-948D-D008015467BB}.Debug|Win32.Build.0 = Debug|Win32
		{CDFDF940-BB7F-4236-948D-D008015467BB}.Release|Win32.ActiveCfg = Release|Win32
		{CDFDF940-BB7F-4236-948D-D008015467BB}.Release|Win32.Build.0 = Release|Win32
	EndGlobalSection
	GlobalSection(SolutionProperties) = preSolution
		HideSolutionNode = FALSE
	EndGlobalSection
	GlobalSection(NestedProjects) = preSolution
		{FEEE83F4-DC11-4B7C-AFEC-1D774133C303} = {26B22E39-E7CF-497E-AA9C-65B9F50F40FD}
		{CDFDF940-BB7F-4236-948D-D008015467BB} = {26B22E39-E7CF-497E-AA9C-65B9F50F40FD}
	EndGlobalSection
EndGlobal
